{
  "nodes": {
    "devshell": {
      "inputs": {
        "nixpkgs": [
          "famedly-engineering-standards",
          "nixpkgs"
        ]
      },
      "locked": {
        "lastModified": 1788342953,
        "narHash": "sha256-EWkNM4JzBhZ/Yn1PG6lP4/QJuFAFeHYlY5gVxXu940Y=",
        "owner": "numtide",
        "repo": "devshell",
        "rev": "a67c0f87b63bcbdbdcb56785bec0205a2e3d6026",
        "type": "github"
      },
      "original": {
        "owner": "numtide",
        "repo": "devshell",
        "type": "github"
      }
    },
    "famedly-engineering-standards": {
      "inputs": {
        "devshell": "devshell",
        "flake-parts": "flake-parts",
        "github-actions-nix": "github-actions-nix",
        "nixpkgs": "nixpkgs",
        "rust-overlay": "rust-overlay",
        "treefmt": "treefmt",
        "wrappers": "wrappers"
      },
      "locked": {
        "lastModified": 1790154792,
        "narHash": "sha256-XK7AXtrjI2O0+VopTDw/ZzoDwTkiRKdp0gZXCeS7hoI=",
        "owner": "famedly",
        "repo": "engineering-standards",
        "rev": "8631d7186ee1c9a9d84977b623c613f46b3df0a6",
        "type": "github"
      },
      "original": {
        "owner": "famedly",
        "repo": "engineering-standards",
        "type": "github"
      }
    },
    "flake-parts": {
      "inputs": {
        "nixpkgs-lib": "nixpkgs-lib"
      },
      "locked": {
        "lastModified": 1788306937,
        "narHash": "sha256-lbrI1UYVpFgKSsyrU9oeF7FHfnu8nLD9ja0ou9f2rxk=",
        "owner": "hercules-ci",
        "repo": "flake-parts",
        "rev": "f16b25b8c3d2809b87925d0b76652d7821a75c68",
        "type": "github"
      },
      "original": {
        "owner": "hercules-ci",
        "repo": "flake-parts",
        "type": "github"
      }
    },
    "github-actions-nix": {
      "inputs": {
        "flake-parts": [
          "famedly-engineering-standards",
          "flake-parts"
        ],
        "nixpkgs": [
          "famedly-engineering-standards",
          "nixpkgs"
        ]
      },
      "locked": {
        "lastModified": 1780538232,
        "narHash": "sha256-4fAohjPxuyg7m9iK1A9j/bLgsrNf7Nkqsl9BUks02SE=",
        "owner": "synapdeck",
        "repo": "github-actions-nix",
        "rev": "9068b31c3acd21b5d3354268faf182dafb21f5a5",
        "type": "github"
      },
      "original": {
        "owner": "synapdeck",
        "repo": "github-actions-nix",
        "type": "github"
      }
    },
    "nixpkgs": {
      "locked": {
        "lastModified": 1788187754,
        "narHash": "sha256-v5c4scCRMmrQEh3UDsKtnI9JTehKl0hTSYDMxe2G14k=",
        "rev": "5dfba6236110080a54247d6460bc2ff5dda939cc",
        "type": "tarball",
        "url": "https://releases.nixos.org/nixos/26.05/nixos-26.05.8772.5dfba6236110/nixexprs.tar.xz"
      },
      "original": {
        "type": "tarball",
        "url": "https://channels.nixos.org/nixos-26.05/nixexprs.tar.xz"
      }
    },
    "nixpkgs-lib": {
      "locked": {
        "lastModified": 1788057806,
        "narHash": "sha256-DTQSMxzDWmT0zhguthvegnVkn7CFqGCv4IHCzk5ZUpM=",
        "owner": "nix-community",
        "repo": "nixpkgs.lib",
        "rev": "596e2e3940e09b2abbeb03f75fa1828c57fcd72c",
        "type": "github"
      },
      "original": {
        "owner": "nix-community",
        "repo": "nixpkgs.lib",
        "type": "github"
      }
    },
    "root": {
      "inputs": {
        "famedly-engineering-standards": "famedly-engineering-standards",
        "flake-parts": [
          "famedly-engineering-standards",
          "flake-parts"
        ],
        "nixpkgs": [
          "famedly-engineering-standards",
          "nixpkgs"
        ]
      }
    },
    "rust-overlay": {
      "inputs": {
        "nixpkgs": [
          "famedly-engineering-standards",
          "nixpkgs"
        ]
      },
      "locked": {
        "lastModified": 1788332415,
        "narHash": "sha256-BTFrmyh0oaVDsvA9NNw0YpbbeppTwU0t70iVx672Ew8=",
        "owner": "oxalica",
        "repo": "rust-overlay",
        "rev": "860d7c835ab91bfc8972b67092f5f2db8e9390a0",
        "type": "github"
      },
      "original": {
        "owner": "oxalica",
        "repo": "rust-overlay",
        "type": "github"
      }
    },
    "treefmt": {
      "inputs": {
        "nixpkgs": [
          "famedly-engineering-standards",
          "nixpkgs"
        ]
      },
      "locked": {
        "lastModified": 1786901030,
        "narHash": "sha256-WSFCsDSE5ffgD2MqzkM2CYjeFiKhRF/dJUN8uedb6YE=",
        "owner": "numtide",
        "repo": "treefmt-nix",
        "rev": "27b3b12a8e6375f28ebe122f07d230ca5459bbfa",
        "type": "github"
      },
      "original": {
        "owner": "numtide",
        "repo": "treefmt-nix",
        "type": "github"
      }
    },
    "wrappers": {
      "inputs": {
        "nixpkgs": [
          "famedly-engineering-standards",
          "nixpkgs"
        ]
      },
      "locked": {
        "lastModified": 1787722691,
        "narHash": "sha256-bWBt7v2FhgG6WTLgSi8nYGi1zXaTdA+vTdCRdvR2vcw=",
        "owner": "BirdeeHub",
        "repo": "nix-wrapper-modules",
        "rev": "04ef216559b18214853879df862f493a9e6bb8cf",
        "type": "github"
      },
      "original": {
        "owner": "BirdeeHub",
        "repo": "nix-wrapper-modules",
        "type": "github"
      }
    }
  },
  "root": "root",
  "version": 7
}
